
Microsoft Visual Studio Solution File, Format Version 12.00
# Visual Studio Version 17
VisualStudioVersion = 17.14.36327.8 d17.14
MinimumVisualStudioVersion = 10.0.40219.1
Project("{FAE04EC0-301F-11D3-BF4B-00C04F79EFBC}") = "TexturePacker-MonoGame-Demo", "TexturePacker-MonoGame-Demo.csproj", "{5E003E84-0EED-4A6B-C3D0-D237AFFB4B4D}"
EndProject
Global
	GlobalSection(SolutionConfigurationPlatforms) = preSolution
		Debug|Any CPU = Debug|Any CPU
		Release|Any CPU = Release|Any CPU
	EndGlobalSection
	GlobalSection(ProjectConfigurationPlatforms) = postSolution
		{5E003E84-0EED-4A6B-C3D0-D237AFFB4B4D}.Debug|Any CPU.ActiveCfg = Debug|Any CPU
		{5E003E84-0EED-4A6B-C3D0-D237AFFB4B4D}.Debug|Any CPU.Build.0 = Debug|Any CPU
		{5E003E84-0EED-4A6B-C3D0-D237AFFB4B4D}.Release|Any CPU.ActiveCfg = Release|Any CPU
		{5E003E84-0EED-4A6B-C3D0-D237AFFB4B4D}.Release|Any CPU.Build.0 = Release|Any CPU
	EndGlobalSection
	GlobalSection(SolutionProperties) = preSolution
		HideSolutionNode = FALSE
	EndGlobalSection
	GlobalSection(ExtensibilityGlobals) = postSolution
		SolutionGuid = {A7FD200D-AA63-46A5-ABBC-96E099AC7851}
	EndGlobalSection
EndGlobal
