
Microsoft Visual Studio Solution File, Format Version 12.00
# Visual Studio 2012
Project("{FAE04EC0-301F-11D3-BF4B-00C04F79EFBC}") = "TexturePacker-MonoGame-Demo-iOS", "TexturePacker-MonoGame-Demo-iOS.csproj", "{6C8F6CFD-C2BF-4DE9-8D66-DCB288FE55E9}"
EndProject
Global
	GlobalSection(SolutionConfigurationPlatforms) = preSolution
		Debug|iPhoneSimulator = Debug|iPhoneSimulator
		Release|iPhoneSimulator = Release|iPhoneSimulator
		Debug|iPhone = Debug|iPhone
		Release|iPhone = Release|iPhone
		Ad-Hoc|iPhone = Ad-Hoc|iPhone
		AppStore|iPhone = AppStore|iPhone
	EndGlobalSection
	GlobalSection(ProjectConfigurationPlatforms) = postSolution
		{6C8F6CFD-C2BF-4DE9-8D66-DCB288FE55E9}.Ad-Hoc|iPhone.ActiveCfg = Ad-Hoc|iPhone
		{6C8F6CFD-C2BF-4DE9-8D66-DCB288FE55E9}.Ad-Hoc|iPhone.Build.0 = Ad-Hoc|iPhone
		{6C8F6CFD-C2BF-4DE9-8D66-DCB288FE55E9}.AppStore|iPhone.ActiveCfg = AppStore|iPhone
		{6C8F6CFD-C2BF-4DE9-8D66-DCB288FE55E9}.AppStore|iPhone.Build.0 = AppStore|iPhone
		{6C8F6CFD-C2BF-4DE9-8D66-DCB288FE55E9}.Debug|iPhone.ActiveCfg = Debug|iPhone
		{6C8F6CFD-C2BF-4DE9-8D66-DCB288FE55E9}.Debug|iPhone.Build.0 = Debug|iPhone
		{6C8F6CFD-C2BF-4DE9-8D66-DCB288FE55E9}.Debug|iPhoneSimulator.ActiveCfg = Debug|iPhoneSimulator
		{6C8F6CFD-C2BF-4DE9-8D66-DCB288FE55E9}.Debug|iPhoneSimulator.Build.0 = Debug|iPhoneSimulator
		{6C8F6CFD-C2BF-4DE9-8D66-DCB288FE55E9}.Release|iPhone.ActiveCfg = Release|iPhone
		{6C8F6CFD-C2BF-4DE9-8D66-DCB288FE55E9}.Release|iPhone.Build.0 = Release|iPhone
		{6C8F6CFD-C2BF-4DE9-8D66-DCB288FE55E9}.Release|iPhoneSimulator.ActiveCfg = Release|iPhoneSimulator
		{6C8F6CFD-C2BF-4DE9-8D66-DCB288FE55E9}.Release|iPhoneSimulator.Build.0 = Release|iPhoneSimulator
	EndGlobalSection
	GlobalSection(MonoDevelopProperties) = preSolution
		StartupItem = TexturePacker-MonoGame-Demo-iOS.csproj
	EndGlobalSection
EndGlobal
